
Microsoft Visual Studio Solution File, Format Version 12.00
# Visual Studio Version 17
VisualStudioVersion = 17.9.34622.214
MinimumVisualStudioVersion = 10.0.40219.1
Project("{9A19103F-16F7-4668-BE54-9A1E7A4F7556}") = "RFIDAuth", "RFIDAuth.csproj", "{AD27F80C-EE56-4DEF-897C-3748083AF219}"
EndProject
Global
	GlobalSection(SolutionConfigurationPlatforms) = preSolution
		Debug|Any CPU = Debug|Any CPU
		Release|Any CPU = Release|Any CPU
	EndGlobalSection
	GlobalSection(ProjectConfigurationPlatforms) = postSolution
		{AD27F80C-EE56-4DEF-897C-3748083AF219}.Debug|Any CPU.ActiveCfg = Debug|Any CPU
		{AD27F80C-EE56-4DEF-897C-3748083AF219}.Debug|Any CPU.Build.0 = Debug|Any CPU
		{AD27F80C-EE56-4DEF-897C-3748083AF219}.Release|Any CPU.ActiveCfg = Release|Any CPU
		{AD27F80C-EE56-4DEF-897C-3748083AF219}.Release|Any CPU.Build.0 = Release|Any CPU
	EndGlobalSection
	GlobalSection(SolutionProperties) = preSolution
		HideSolutionNode = FALSE
	EndGlobalSection
	GlobalSection(ExtensibilityGlobals) = postSolution
		SolutionGuid = {9A0EF4FC-1650-4319-94FA-606EAC87B647}
	EndGlobalSection
EndGlobal
