{
  "name": "AutoLogin",
  "lockfileVersion": 3,
  "requires": true,
  "packages": {
    "": {
      "dependencies": {
        "@beckhoff/tc-ui-client-ext": "file:../../Packages/tc-ui-client-ext-1.0.0.tgz",
        "@primno/dpapi": "1.1.2"
      }
    },
    "node_modules/@beckhoff/tc-ui-client-ext": {
      "version": "1.0.0",
      "resolved": "file:../../Packages/tc-ui-client-ext-1.0.0.tgz",
      "integrity": "sha512-CMFuoFZd7zXpvCk9jAOkxif0bZ+Ire4bervVrc8f++x20iGBdvYowafnxQILQx0hMEha+QUuzHjWSl2IBGh//w=="
    },
    "node_modules/@primno/dpapi": {
      "version": "1.1.2",
      "resolved": "https://registry.npmjs.org/@primno/dpapi/-/dpapi-1.1.2.tgz",
      "integrity": "sha512-lwvw4RtkngRxMkHT+jZ6b2PDF2xiXJgddLq/RAb0nzE2mqTvLg2pbeS6I+mbKZTs+JTdZKx4fi0whVqti2mpDw==",
      "hasInstallScript": true,
      "dependencies": {
        "node-gyp-build": "^4.6.0"
      },
      "engines": {
        "node": ">=14"
      }
    },
    "node_modules/node-gyp-build": {
      "version": "4.8.4",
      "resolved": "https://registry.npmjs.org/node-gyp-build/-/node-gyp-build-4.8.4.tgz",
      "integrity": "sha512-LA4ZjwlnUblHVgq0oBF3Jl/6h/Nvs5fzBLwdEF4nuxnFdsfajde4WfxtJr3CaiH+F6ewcIB/q4jQ4UzPyid+CQ==",
      "bin": {
        "node-gyp-build": "bin.js",
        "node-gyp-build-optional": "optional.js",
        "node-gyp-build-test": "build-test.js"
      }
    }
  }
}
